// !$*UTF8*$!
{
	archiveVersion = 1;
	classes = {
	};
	objectVersion = 77;
	objects = {

/* Begin PBXBuildFile section */
		A3E0D88A2F014F7600CDDEAF /* WidgetKit.framework in Frameworks */ = {isa = PBXBuildFile; fileRef = A3E0D8892F014F7500CDDEAF /* WidgetKit.framework */; };
		A3E0D88C2F014F7600CDDEAF /* SwiftUI.framework in Frameworks */ = {isa = PBXBuildFile; fileRef = A3E0D88B2F014F7600CDDEAF /* SwiftUI.framework */; };
		A3E0D89D2F014F7800CDDEAF /* WidgetCraftExtensionExtension.appex in Embed Foundation Extensions */ = {isa = PBXBuildFile; fileRef = A3E0D8872F014F7500CDDEAF /* WidgetCraftExtensionExtension.appex */; settings = {ATTRIBUTES = (RemoveHeadersOnCopy, ); }; };
/* End PBXBuildFile section */

/* Begin PBXContainerItemProxy section */
		A3E0D8672F014F4000CDDEAF /* PBXContainerItemProxy */ = {
			isa = PBXContainerItemProxy;
			containerPortal = A3E0D8512F014F3E00CDDEAF /* Project object */;
			proxyType = 1;
			remoteGlobalIDString = A3E0D8582F014F3E00CDDEAF;
			remoteInfo = StepCounterWidget;
		};
		A3E0D8712F014F4000CDDEAF /* PBXContainerItemProxy */ = {
			isa = PBXContainerItemProxy;
			containerPortal = A3E0D8512F014F3E00CDDEAF /* Project object */;
			proxyType = 1;
			remoteGlobalIDString = A3E0D8582F014F3E00CDDEAF;
			remoteInfo = StepCounterWidget;
		};
		A3E0D89B2F014F7800CDDEAF /* PBXContainerItemProxy */ = {
			isa = PBXContainerItemProxy;
			containerPortal = A3E0D8512F014F3E00CDDEAF /* Project object */;
			proxyType = 1;
			remoteGlobalIDString = A3E0D8862F014F7500CDDEAF;
			remoteInfo = WidgetCraftExtensionExtension;
		};
/* End PBXContainerItemProxy section */

/* Begin PBXCopyFilesBuildPhase section */
		A3E0D8A22F014F7800CDDEAF /* Embed Foundation Extensions */ = {
			isa = PBXCopyFilesBuildPhase;
			buildActionMask = 2147483647;
			dstPath = "";
			dstSubfolderSpec = 13;
			files = (
				A3E0D89D2F014F7800CDDEAF /* WidgetCraftExtensionExtension.appex in Embed Foundation Extensions */,
			);
			name = "Embed Foundation Extensions";
			runOnlyForDeploymentPostprocessing = 0;
		};
/* End PBXCopyFilesBuildPhase section */

/* Begin PBXFileReference section */
		A3E0D8592F014F3E00CDDEAF /* StepCounterWidget.app */ = {isa = PBXFileReference; explicitFileType = wrapper.application; includeInIndex = 0; path = StepCounterWidget.app; sourceTree = BUILT_PRODUCTS_DIR; };
		A3E0D8662F014F4000CDDEAF /* StepCounterWidgetTests.xctest */ = {isa = PBXFileReference; explicitFileType = wrapper.cfbundle; includeInIndex = 0; path = StepCounterWidgetTests.xctest; sourceTree = BUILT_PRODUCTS_DIR; };
		A3E0D8702F014F4000CDDEAF /* StepCounterWidgetUITests.xctest */ = {isa = PBXFileReference; explicitFileType = wrapper.cfbundle; includeInIndex = 0; path = StepCounterWidgetUITests.xctest; sourceTree = BUILT_PRODUCTS_DIR; };
		A3E0D8872F014F7500CDDEAF /* WidgetCraftExtensionExtension.appex */ = {isa = PBXFileReference; explicitFileType = "wrapper.app-extension"; includeInIndex = 0; path = WidgetCraftExtensionExtension.appex; sourceTree = BUILT_PRODUCTS_DIR; };
		A3E0D8892F014F7500CDDEAF /* WidgetKit.framework */ = {isa = PBXFileReference; lastKnownFileType = wrapper.framework; name = WidgetKit.framework; path = System/Library/Frameworks/WidgetKit.framework; sourceTree = SDKROOT; };
		A3E0D88B2F014F7600CDDEAF /* SwiftUI.framework */ = {isa = PBXFileReference; lastKnownFileType = wrapper.framework; name = SwiftUI.framework; path = System/Library/Frameworks/SwiftUI.framework; sourceTree = SDKROOT; };
/* End PBXFileReference section */

/* Begin PBXFileSystemSynchronizedBuildFileExceptionSet section */
		A3E0D89E2F014F7800CDDEAF /* Exceptions for "WidgetCraftExtension" folder in "WidgetCraftExtensionExtension" target */ = {
			isa = PBXFileSystemSynchronizedBuildFileExceptionSet;
			membershipExceptions = (
				Info.plist,
			);
			target = A3E0D8862F014F7500CDDEAF /* WidgetCraftExtensionExtension */;
		};
/* End PBXFileSystemSynchronizedBuildFileExceptionSet section */

/* Begin PBXFileSystemSynchronizedRootGroup section */
		A3E0D85B2F014F3E00CDDEAF /* StepCounterWidget */ = {
			isa = PBXFileSystemSynchronizedRootGroup;
			path = StepCounterWidget;
			sourceTree = "<group>";
		};
		A3E0D8692F014F4000CDDEAF /* StepCounterWidgetTests */ = {
			isa = PBXFileSystemSynchronizedRootGroup;
			path = StepCounterWidgetTests;
			sourceTree = "<group>";
		};
		A3E0D8732F014F4000CDDEAF /* StepCounterWidgetUITests */ = {
			isa = PBXFileSystemSynchronizedRootGroup;
			path = StepCounterWidgetUITests;
			sourceTree = "<group>";
		};
		A3E0D88D2F014F7600CDDEAF /* WidgetCraftExtension */ = {
			isa = PBXFileSystemSynchronizedRootGroup;
			exceptions = (
				A3E0D89E2F014F7800CDDEAF /* Exceptions for "WidgetCraftExtension" folder in "WidgetCraftExtensionExtension" target */,
			);
			path = WidgetCraftExtension;
			sourceTree = "<group>";
		};
/* End PBXFileSystemSynchronizedRootGroup section */

/* Begin PBXFrameworksBuildPhase section */
		A3E0D8562F014F3E00CDDEAF /* Frameworks */ = {
			isa = PBXFrameworksBuildPhase;
			buildActionMask = 2147483647;
			files = (
			);
			runOnlyForDeploymentPostprocessing = 0;
		};
		A3E0D8632F014F4000CDDEAF /* Frameworks */ = {
			isa = PBXFrameworksBuildPhase;
			buildActionMask = 2147483647;
			files = (
			);
			runOnlyForDeploymentPostprocessing = 0;
		};
		A3E0D86D2F014F4000CDDEAF /* Frameworks */ = {
			isa = PBXFrameworksBuildPhase;
			buildActionMask = 2147483647;
			files = (
			);
			runOnlyForDeploymentPostprocessing = 0;
		};
		A3E0D8842F014F7500CDDEAF /* Frameworks */ = {
			isa = PBXFrameworksBuildPhase;
			buildActionMask = 2147483647;
			files = (
				A3E0D88C2F014F7600CDDEAF /* SwiftUI.framework in Frameworks */,
				A3E0D88A2F014F7600CDDEAF /* WidgetKit.framework in Frameworks */,
			);
			runOnlyForDeploymentPostprocessing = 0;
		};
/* End PBXFrameworksBuildPhase section */

/* Begin PBXGroup section */
		A3E0D8502F014F3E00CDDEAF = {
			isa = PBXGroup;
			children = (
				A3E0D85B2F014F3E00CDDEAF /* StepCounterWidget */,
				A3E0D8692F014F4000CDDEAF /* StepCounterWidgetTests */,
				A3E0D8732F014F4000CDDEAF /* StepCounterWidgetUITests */,
				A3E0D88D2F014F7600CDDEAF /* WidgetCraftExtension */,
				A3E0D8882F014F7500CDDEAF /* Frameworks */,
				A3E0D85A2F014F3E00CDDEAF /* Products */,
			);
			sourceTree = "<group>";
		};
		A3E0D85A2F014F3E00CDDEAF /* Products */ = {
			isa = PBXGroup;
			children = (
				A3E0D8592F014F3E00CDDEAF /* StepCounterWidget.app */,
				A3E0D8662F014F4000CDDEAF /* StepCounterWidgetTests.xctest */,
				A3E0D8702F014F4000CDDEAF /* StepCounterWidgetUITests.xctest */,
				A3E0D8872F014F7500CDDEAF /* WidgetCraftExtensionExtension.appex */,
			);
			name = Products;
			sourceTree = "<group>";
		};
		A3E0D8882F014F7500CDDEAF /* Frameworks */ = {
			isa = PBXGroup;
			children = (
				A3E0D8892F014F7500CDDEAF /* WidgetKit.framework */,
				A3E0D88B2F014F7600CDDEAF /* SwiftUI.framework */,
			);
			name = Frameworks;
			sourceTree = "<group>";
		};
/* End PBXGroup section */

/* Begin PBXNativeTarget section */
		A3E0D8582F014F3E00CDDEAF /* StepCounterWidget */ = {
			isa = PBXNativeTarget;
			buildConfigurationList = A3E0D87A2F014F4000CDDEAF /* Build configuration list for PBXNativeTarget "StepCounterWidget" */;
			buildPhases = (
				A3E0D8552F014F3E00CDDEAF /* Sources */,
				A3E0D8562F014F3E00CDDEAF /* Frameworks */,
				A3E0D8572F014F3E00CDDEAF /* Resources */,
				A3E0D8A22F014F7800CDDEAF /* Embed Foundation Extensions */,
			);
			buildRules = (
			);
			dependencies = (
				A3E0D89C2F014F7800CDDEAF /* PBXTargetDependency */,
			);
			fileSystemSynchronizedGroups = (
				A3E0D85B2F014F3E00CDDEAF /* StepCounterWidget */,
			);
			name = StepCounterWidget;
			packageProductDependencies = (
			);
			productName = StepCounterWidget;
			productReference = A3E0D8592F014F3E00CDDEAF /* StepCounterWidget.app */;
			productType = "com.apple.product-type.application";
		};
		A3E0D8652F014F4000CDDEAF /* StepCounterWidgetTests */ = {
			isa = PBXNativeTarget;
			buildConfigurationList = A3E0D87D2F014F4000CDDEAF /* Build configuration list for PBXNativeTarget "StepCounterWidgetTests" */;
			buildPhases = (
				A3E0D8622F014F4000CDDEAF /* Sources */,
				A3E0D8632F014F4000CDDEAF /* Frameworks */,
				A3E0D8642F014F4000CDDEAF /* Resources */,
			);
			buildRules = (
			);
			dependencies = (
				A3E0D8682F014F4000CDDEAF /* PBXTargetDependency */,
			);
			fileSystemSynchronizedGroups = (
				A3E0D8692F014F4000CDDEAF /* StepCounterWidgetTests */,
			);
			name = StepCounterWidgetTests;
			packageProductDependencies = (
			);
			productName = StepCounterWidgetTests;
			productReference = A3E0D8662F014F4000CDDEAF /* StepCounterWidgetTests.xctest */;
			productType = "com.apple.product-type.bundle.unit-test";
		};
		A3E0D86F2F014F4000CDDEAF /* StepCounterWidgetUITests */ = {
			isa = PBXNativeTarget;
			buildConfigurationList = A3E0D8802F014F4000CDDEAF /* Build configuration list for PBXNativeTarget "StepCounterWidgetUITests" */;
			buildPhases = (
				A3E0D86C2F014F4000CDDEAF /* Sources */,
				A3E0D86D2F014F4000CDDEAF /* Frameworks */,
				A3E0D86E2F014F4000CDDEAF /* Resources */,
			);
			buildRules = (
			);
			dependencies = (
				A3E0D8722F014F4000CDDEAF /* PBXTargetDependency */,
			);
			fileSystemSynchronizedGroups = (
				A3E0D8732F014F4000CDDEAF /* StepCounterWidgetUITests */,
			);
			name = StepCounterWidgetUITests;
			packageProductDependencies = (
			);
			productName = StepCounterWidgetUITests;
			productReference = A3E0D8702F014F4000CDDEAF /* StepCounterWidgetUITests.xctest */;
			productType = "com.apple.product-type.bundle.ui-testing";
		};
		A3E0D8862F014F7500CDDEAF /* WidgetCraftExtensionExtension */ = {
			isa = PBXNativeTarget;
			buildConfigurationList = A3E0D89F2F014F7800CDDEAF /* Build configuration list for PBXNativeTarget "WidgetCraftExtensionExtension" */;
			buildPhases = (
				A3E0D8832F014F7500CDDEAF /* Sources */,
				A3E0D8842F014F7500CDDEAF /* Frameworks */,
				A3E0D8852F014F7500CDDEAF /* Resources */,
			);
			buildRules = (
			);
			dependencies = (
			);
			fileSystemSynchronizedGroups = (
				A3E0D88D2F014F7600CDDEAF /* WidgetCraftExtension */,
			);
			name = WidgetCraftExtensionExtension;
			packageProductDependencies = (
			);
			productName = WidgetCraftExtensionExtension;
			productReference = A3E0D8872F014F7500CDDEAF /* WidgetCraftExtensionExtension.appex */;
			productType = "com.apple.product-type.app-extension";
		};
/* End PBXNativeTarget section */

/* Begin PBXProject section */
		A3E0D8512F014F3E00CDDEAF /* Project object */ = {
			isa = PBXProject;
			attributes = {
				BuildIndependentTargetsInParallel = 1;
				LastSwiftUpdateCheck = 2600;
				LastUpgradeCheck = 2600;
				TargetAttributes = {
					A3E0D8582F014F3E00CDDEAF = {
						CreatedOnToolsVersion = 26.0.1;
					};
					A3E0D8652F014F4000CDDEAF = {
						CreatedOnToolsVersion = 26.0.1;
						TestTargetID = A3E0D8582F014F3E00CDDEAF;
					};
					A3E0D86F2F014F4000CDDEAF = {
						CreatedOnToolsVersion = 26.0.1;
						TestTargetID = A3E0D8582F014F3E00CDDEAF;
					};
					A3E0D8862F014F7500CDDEAF = {
						CreatedOnToolsVersion = 26.0.1;
					};
				};
			};
			buildConfigurationList = A3E0D8542F014F3E00CDDEAF /* Build configuration list for PBXProject "StepCounterWidget" */;
			developmentRegion = en;
			hasScannedForEncodings = 0;
			knownRegions = (
				en,
				Base,
			);
			mainGroup = A3E0D8502F014F3E00CDDEAF;
			minimizedProjectReferenceProxies = 1;
			preferredProjectObjectVersion = 77;
			productRefGroup = A3E0D85A2F014F3E00CDDEAF /* Products */;
			projectDirPath = "";
			projectRoot = "";
			targets = (
				A3E0D8582F014F3E00CDDEAF /* StepCounterWidget */,
				A3E0D8652F014F4000CDDEAF /* StepCounterWidgetTests */,
				A3E0D86F2F014F4000CDDEAF /* StepCounterWidgetUITests */,
				A3E0D8862F014F7500CDDEAF /* WidgetCraftExtensionExtension */,
			);
		};
/* End PBXProject section */

/* Begin PBXResourcesBuildPhase section */
		A3E0D8572F014F3E00CDDEAF /* Resources */ = {
			isa = PBXResourcesBuildPhase;
			buildActionMask = 2147483647;
			files = (
			);
			runOnlyForDeploymentPostprocessing = 0;
		};
		A3E0D8642F014F4000CDDEAF /* Resources */ = {
			isa = PBXResourcesBuildPhase;
			buildActionMask = 2147483647;
			files = (
			);
			runOnlyForDeploymentPostprocessing = 0;
		};
		A3E0D86E2F014F4000CDDEAF /* Resources */ = {
			isa = PBXResourcesBuildPhase;
			buildActionMask = 2147483647;
			files = (
			);
			runOnlyForDeploymentPostprocessing = 0;
		};
		A3E0D8852F014F7500CDDEAF /* Resources */ = {
			isa = PBXResourcesBuildPhase;
			buildActionMask = 2147483647;
			files = (
			);
			runOnlyForDeploymentPostprocessing = 0;
		};
/* End PBXResourcesBuildPhase section */

/* Begin PBXSourcesBuildPhase section */
		A3E0D8552F014F3E00CDDEAF /* Sources */ = {
			isa = PBXSourcesBuildPhase;
			buildActionMask = 2147483647;
			files = (
			);
			runOnlyForDeploymentPostprocessing = 0;
		};
		A3E0D8622F014F4000CDDEAF /* Sources */ = {
			isa = PBXSourcesBuildPhase;
			buildActionMask = 2147483647;
			files = (
			);
			runOnlyForDeploymentPostprocessing = 0;
		};
		A3E0D86C2F014F4000CDDEAF /* Sources */ = {
			isa = PBXSourcesBuildPhase;
			buildActionMask = 2147483647;
			files = (
			);
			runOnlyForDeploymentPostprocessing = 0;
		};
		A3E0D8832F014F7500CDDEAF /* Sources */ = {
			isa = PBXSourcesBuildPhase;
			buildActionMask = 2147483647;
			files = (
			);
			runOnlyForDeploymentPostprocessing = 0;
		};
/* End PBXSourcesBuildPhase section */

/* Begin PBXTargetDependency section */
		A3E0D8682F014F4000CDDEAF /* PBXTargetDependency */ = {
			isa = PBXTargetDependency;
			target = A3E0D8582F014F3E00CDDEAF /* StepCounterWidget */;
			targetProxy = A3E0D8672F014F4000CDDEAF /* PBXContainerItemProxy */;
		};
		A3E0D8722F014F4000CDDEAF /* PBXTargetDependency */ = {
			isa = PBXTargetDependency;
			target = A3E0D8582F014F3E00CDDEAF /* StepCounterWidget */;
			targetProxy = A3E0D8712F014F4000CDDEAF /* PBXContainerItemProxy */;
		};
		A3E0D89C2F014F7800CDDEAF /* PBXTargetDependency */ = {
			isa = PBXTargetDependency;
			target = A3E0D8862F014F7500CDDEAF /* WidgetCraftExtensionExtension */;
			targetProxy = A3E0D89B2F014F7800CDDEAF /* PBXContainerItemProxy */;
		};
/* End PBXTargetDependency section */

/* Begin XCBuildConfiguration section */
		A3E0D8782F014F4000CDDEAF /* Debug */ = {
			isa = XCBuildConfiguration;
			buildSettings = {
				ALWAYS_SEARCH_USER_PATHS = NO;
				ASSETCATALOG_COMPILER_GENERATE_SWIFT_ASSET_SYMBOL_EXTENSIONS = YES;
				CLANG_ANALYZER_NONNULL = YES;
				CLANG_ANALYZER_NUMBER_OBJECT_CONVERSION = YES_AGGRESSIVE;
				CLANG_CXX_LANGUAGE_STANDARD = "gnu++20";
				CLANG_ENABLE_MODULES = YES;
				CLANG_ENABLE_OBJC_ARC = YES;
				CLANG_ENABLE_OBJC_WEAK = YES;
				CLANG_WARN_BLOCK_CAPTURE_AUTORELEASING = YES;
				CLANG_WARN_BOOL_CONVERSION = YES;
				CLANG_WARN_COMMA = YES;
				CLANG_WARN_CONSTANT_CONVERSION = YES;
				CLANG_WARN_DEPRECATED_OBJC_IMPLEMENTATIONS = YES;
				CLANG_WARN_DIRECT_OBJC_ISA_USAGE = YES_ERROR;
				CLANG_WARN_DOCUMENTATION_COMMENTS = YES;
				CLANG_WARN_EMPTY_BODY = YES;
				CLANG_WARN_ENUM_CONVERSION = YES;
				CLANG_WARN_INFINITE_RECURSION = YES;
				CLANG_WARN_INT_CONVERSION = YES;
				CLANG_WARN_NON_LITERAL_NULL_CONVERSION = YES;
				CLANG_WARN_OBJC_IMPLICIT_RETAIN_SELF = YES;
				CLANG_WARN_OBJC_LITERAL_CONVERSION = YES;
				CLANG_WARN_OBJC_ROOT_CLASS = YES_ERROR;
				CLANG_WARN_QUOTED_INCLUDE_IN_FRAMEWORK_HEADER = YES;
				CLANG_WARN_RANGE_LOOP_ANALYSIS = YES;
				CLANG_WARN_STRICT_PROTOTYPES = YES;
				CLANG_WARN_SUSPICIOUS_MOVE = YES;
				CLANG_WARN_UNGUARDED_AVAILABILITY = YES_AGGRESSIVE;
				CLANG_WARN_UNREACHABLE_CODE = YES;
				CLANG_WARN__DUPLICATE_METHOD_MATCH = YES;
				COPY_PHASE_STRIP = NO;
				DEBUG_INFORMATION_FORMAT = dwarf;
				DEVELOPMENT_TEAM = 686L4TXLDH;
				ENABLE_STRICT_OBJC_MSGSEND = YES;
				ENABLE_TESTABILITY = YES;
				ENABLE_USER_SCRIPT_SANDBOXING = YES;
				GCC_C_LANGUAGE_STANDARD = gnu17;
				GCC_DYNAMIC_NO_PIC = NO;
				GCC_NO_COMMON_BLOCKS = YES;
				GCC_OPTIMIZATION_LEVEL = 0;
				GCC_PREPROCESSOR_DEFINITIONS = (
					"DEBUG=1",
					"$(inherited)",
				);
				GCC_WARN_64_TO_32_BIT_CONVERSION = YES;
				GCC_WARN_ABOUT_RETURN_TYPE = YES_ERROR;
				GCC_WARN_UNDECLARED_SELECTOR = YES;
				GCC_WARN_UNINITIALIZED_AUTOS = YES_AGGRESSIVE;
				GCC_WARN_UNUSED_FUNCTION = YES;
				GCC_WARN_UNUSED_VARIABLE = YES;
				IPHONEOS_DEPLOYMENT_TARGET = 26.0;
				LOCALIZATION_PREFERS_STRING_CATALOGS = YES;
				MTL_ENABLE_DEBUG_INFO = INCLUDE_SOURCE;
				MTL_FAST_MATH = YES;
				ONLY_ACTIVE_ARCH = YES;
				SDKROOT = iphoneos;
				SWIFT_ACTIVE_COMPILATION_CONDITIONS = "DEBUG $(inherited)";
				SWIFT_OPTIMIZATION_LEVEL = "-Onone";
			};
			name = Debug;
		};
		A3E0D8792F014F4000CDDEAF /* Release */ = {
			isa = XCBuildConfiguration;
			buildSettings = {
				ALWAYS_SEARCH_USER_PATHS = NO;
				ASSETCATALOG_COMPILER_GENERATE_SWIFT_ASSET_SYMBOL_EXTENSIONS = YES;
				CLANG_ANALYZER_NONNULL = YES;
				CLANG_ANALYZER_NUMBER_OBJECT_CONVERSION = YES_AGGRESSIVE;
				CLANG_CXX_LANGUAGE_STANDARD = "gnu++20";
				CLANG_ENABLE_MODULES = YES;
				CLANG_ENABLE_OBJC_ARC = YES;
				CLANG_ENABLE_OBJC_WEAK = YES;
				CLANG_WARN_BLOCK_CAPTURE_AUTORELEASING = YES;
				CLANG_WARN_BOOL_CONVERSION = YES;
				CLANG_WARN_COMMA = YES;
				CLANG_WARN_CONSTANT_CONVERSION = YES;
				CLANG_WARN_DEPRECATED_OBJC_IMPLEMENTATIONS = YES;
				CLANG_WARN_DIRECT_OBJC_ISA_USAGE = YES_ERROR;
				CLANG_WARN_DOCUMENTATION_COMMENTS = YES;
				CLANG_WARN_EMPTY_BODY = YES;
				CLANG_WARN_ENUM_CONVERSION = YES;
				CLANG_WARN_INFINITE_RECURSION = YES;
				CLANG_WARN_INT_CONVERSION = YES;
				CLANG_WARN_NON_LITERAL_NULL_CONVERSION = YES;
				CLANG_WARN_OBJC_IMPLICIT_RETAIN_SELF = YES;
				CLANG_WARN_OBJC_LITERAL_CONVERSION = YES;
				CLANG_WARN_OBJC_ROOT_CLASS = YES_ERROR;
				CLANG_WARN_QUOTED_INCLUDE_IN_FRAMEWORK_HEADER = YES;
				CLANG_WARN_RANGE_LOOP_ANALYSIS = YES;
				CLANG_WARN_STRICT_PROTOTYPES = YES;
				CLANG_WARN_SUSPICIOUS_MOVE = YES;
				CLANG_WARN_UNGUARDED_AVAILABILITY = YES_AGGRESSIVE;
				CLANG_WARN_UNREACHABLE_CODE = YES;
				CLANG_WARN__DUPLICATE_METHOD_MATCH = YES;
				COPY_PHASE_STRIP = NO;
				DEBUG_INFORMATION_FORMAT = "dwarf-with-dsym";
				DEVELOPMENT_TEAM = 686L4TXLDH;
				ENABLE_NS_ASSERTIONS = NO;
				ENABLE_STRICT_OBJC_MSGSEND = YES;
				ENABLE_USER_SCRIPT_SANDBOXING = YES;
				GCC_C_LANGUAGE_STANDARD = gnu17;
				GCC_NO_COMMON_BLOCKS = YES;
				GCC_WARN_64_TO_32_BIT_CONVERSION = YES;
				GCC_WARN_ABOUT_RETURN_TYPE = YES_ERROR;
				GCC_WARN_UNDECLARED_SELECTOR = YES;
				GCC_WARN_UNINITIALIZED_AUTOS = YES_AGGRESSIVE;
				GCC_WARN_UNUSED_FUNCTION = YES;
				GCC_WARN_UNUSED_VARIABLE = YES;
				IPHONEOS_DEPLOYMENT_TARGET = 26.0;
				LOCALIZATION_PREFERS_STRING_CATALOGS = YES;
				MTL_ENABLE_DEBUG_INFO = NO;
				MTL_FAST_MATH = YES;
				SDKROOT = iphoneos;
				SWIFT_COMPILATION_MODE = wholemodule;
				VALIDATE_PRODUCT = YES;
			};
			name = Release;
		};
		A3E0D87B2F014F4000CDDEAF /* Debug */ = {
			isa = XCBuildConfiguration;
			buildSettings = {
				ASSETCATALOG_COMPILER_APPICON_NAME = AppIcon;
				ASSETCATALOG_COMPILER_GLOBAL_ACCENT_COLOR_NAME = AccentColor;
				CODE_SIGN_STYLE = Automatic;
				CURRENT_PROJECT_VERSION = 1;
				DEVELOPMENT_TEAM = 686L4TXLDH;
				ENABLE_PREVIEWS = YES;
				GENERATE_INFOPLIST_FILE = YES;
				INFOPLIST_KEY_UIApplicationSceneManifest_Generation = YES;
				INFOPLIST_KEY_UIApplicationSupportsIndirectInputEvents = YES;
				INFOPLIST_KEY_UILaunchScreen_Generation = YES;
				INFOPLIST_KEY_UISupportedInterfaceOrientations_iPad = "UIInterfaceOrientationPortrait UIInterfaceOrientationPortraitUpsideDown UIInterfaceOrientationLandscapeLeft UIInterfaceOrientationLandscapeRight";
				INFOPLIST_KEY_UISupportedInterfaceOrientations_iPhone = "UIInterfaceOrientationPortrait UIInterfaceOrientationLandscapeLeft UIInterfaceOrientationLandscapeRight";
				LD_RUNPATH_SEARCH_PATHS = (
					"$(inherited)",
					"@executable_path/Frameworks",
				);
				MARKETING_VERSION = 1.0;
				PRODUCT_BUNDLE_IDENTIFIER = com.sedat.yildiz.StepCounterWidget;
				PRODUCT_NAME = "$(TARGET_NAME)";
				STRING_CATALOG_GENERATE_SYMBOLS = YES;
				SWIFT_APPROACHABLE_CONCURRENCY = YES;
				SWIFT_DEFAULT_ACTOR_ISOLATION = MainActor;
				SWIFT_EMIT_LOC_STRINGS = YES;
				SWIFT_UPCOMING_FEATURE_MEMBER_IMPORT_VISIBILITY = YES;
				SWIFT_VERSION = 5.0;
				TARGETED_DEVICE_FAMILY = "1,2";
			};
			name = Debug;
		};
		A3E0D87C2F014F4000CDDEAF /* Release */ = {
			isa = XCBuildConfiguration;
			buildSettings = {
				ASSETCATALOG_COMPILER_APPICON_NAME = AppIcon;
				ASSETCATALOG_COMPILER_GLOBAL_ACCENT_COLOR_NAME = AccentColor;
				CODE_SIGN_STYLE = Automatic;
				CURRENT_PROJECT_VERSION = 1;
				DEVELOPMENT_TEAM = 686L4TXLDH;
				ENABLE_PREVIEWS = YES;
				GENERATE_INFOPLIST_FILE = YES;
				INFOPLIST_KEY_UIApplicationSceneManifest_Generation = YES;
				INFOPLIST_KEY_UIApplicationSupportsIndirectInputEvents = YES;
				INFOPLIST_KEY_UILaunchScreen_Generation = YES;
				INFOPLIST_KEY_UISupportedInterfaceOrientations_iPad = "UIInterfaceOrientationPortrait UIInterfaceOrientationPortraitUpsideDown UIInterfaceOrientationLandscapeLeft UIInterfaceOrientationLandscapeRight";
				INFOPLIST_KEY_UISupportedInterfaceOrientations_iPhone = "UIInterfaceOrientationPortrait UIInterfaceOrientationLandscapeLeft UIInterfaceOrientationLandscapeRight";
				LD_RUNPATH_SEARCH_PATHS = (
					"$(inherited)",
					"@executable_path/Frameworks",
				);
				MARKETING_VERSION = 1.0;
				PRODUCT_BUNDLE_IDENTIFIER = com.sedat.yildiz.StepCounterWidget;
				PRODUCT_NAME = "$(TARGET_NAME)";
				STRING_CATALOG_GENERATE_SYMBOLS = YES;
				SWIFT_APPROACHABLE_CONCURRENCY = YES;
				SWIFT_DEFAULT_ACTOR_ISOLATION = MainActor;
				SWIFT_EMIT_LOC_STRINGS = YES;
				SWIFT_UPCOMING_FEATURE_MEMBER_IMPORT_VISIBILITY = YES;
				SWIFT_VERSION = 5.0;
				TARGETED_DEVICE_FAMILY = "1,2";
			};
			name = Release;
		};
		A3E0D87E2F014F4000CDDEAF /* Debug */ = {
			isa = XCBuildConfiguration;
			buildSettings = {
				BUNDLE_LOADER = "$(TEST_HOST)";
				CODE_SIGN_STYLE = Automatic;
				CURRENT_PROJECT_VERSION = 1;
				DEVELOPMENT_TEAM = 686L4TXLDH;
				GENERATE_INFOPLIST_FILE = YES;
				IPHONEOS_DEPLOYMENT_TARGET = 26.0;
				MARKETING_VERSION = 1.0;
				PRODUCT_BUNDLE_IDENTIFIER = com.sedat.yildiz.StepCounterWidgetTests;
				PRODUCT_NAME = "$(TARGET_NAME)";
				STRING_CATALOG_GENERATE_SYMBOLS = NO;
				SWIFT_APPROACHABLE_CONCURRENCY = YES;
				SWIFT_EMIT_LOC_STRINGS = NO;
				SWIFT_UPCOMING_FEATURE_MEMBER_IMPORT_VISIBILITY = YES;
				SWIFT_VERSION = 5.0;
				TARGETED_DEVICE_FAMILY = "1,2";
				TEST_HOST = "$(BUILT_PRODUCTS_DIR)/StepCounterWidget.app/$(BUNDLE_EXECUTABLE_FOLDER_PATH)/StepCounterWidget";
			};
			name = Debug;
		};
		A3E0D87F2F014F4000CDDEAF /* Release */ = {
			isa = XCBuildConfiguration;
			buildSettings = {
				BUNDLE_LOADER = "$(TEST_HOST)";
				CODE_SIGN_STYLE = Automatic;
				CURRENT_PROJECT_VERSION = 1;
				DEVELOPMENT_TEAM = 686L4TXLDH;
				GENERATE_INFOPLIST_FILE = YES;
				IPHONEOS_DEPLOYMENT_TARGET = 26.0;
				MARKETING_VERSION = 1.0;
				PRODUCT_BUNDLE_IDENTIFIER = com.sedat.yildiz.StepCounterWidgetTests;
				PRODUCT_NAME = "$(TARGET_NAME)";
				STRING_CATALOG_GENERATE_SYMBOLS = NO;
				SWIFT_APPROACHABLE_CONCURRENCY = YES;
				SWIFT_EMIT_LOC_STRINGS = NO;
				SWIFT_UPCOMING_FEATURE_MEMBER_IMPORT_VISIBILITY = YES;
				SWIFT_VERSION = 5.0;
				TARGETED_DEVICE_FAMILY = "1,2";
				TEST_HOST = "$(BUILT_PRODUCTS_DIR)/StepCounterWidget.app/$(BUNDLE_EXECUTABLE_FOLDER_PATH)/StepCounterWidget";
			};
			name = Release;
		};
		A3E0D8812F014F4000CDDEAF /* Debug */ = {
			isa = XCBuildConfiguration;
			buildSettings = {
				CODE_SIGN_STYLE = Automatic;
				CURRENT_PROJECT_VERSION = 1;
				DEVELOPMENT_TEAM = 686L4TXLDH;
				GENERATE_INFOPLIST_FILE = YES;
				MARKETING_VERSION = 1.0;
				PRODUCT_BUNDLE_IDENTIFIER = com.sedat.yildiz.StepCounterWidgetUITests;
				PRODUCT_NAME = "$(TARGET_NAME)";
				STRING_CATALOG_GENERATE_SYMBOLS = NO;
				SWIFT_APPROACHABLE_CONCURRENCY = YES;
				SWIFT_EMIT_LOC_STRINGS = NO;
				SWIFT_UPCOMING_FEATURE_MEMBER_IMPORT_VISIBILITY = YES;
				SWIFT_VERSION = 5.0;
				TARGETED_DEVICE_FAMILY = "1,2";
				TEST_TARGET_NAME = StepCounterWidget;
			};
			name = Debug;
		};
		A3E0D8822F014F4000CDDEAF /* Release */ = {
			isa = XCBuildConfiguration;
			buildSettings = {
				CODE_SIGN_STYLE = Automatic;
				CURRENT_PROJECT_VERSION = 1;
				DEVELOPMENT_TEAM = 686L4TXLDH;
				GENERATE_INFOPLIST_FILE = YES;
				MARKETING_VERSION = 1.0;
				PRODUCT_BUNDLE_IDENTIFIER = com.sedat.yildiz.StepCounterWidgetUITests;
				PRODUCT_NAME = "$(TARGET_NAME)";
				STRING_CATALOG_GENERATE_SYMBOLS = NO;
				SWIFT_APPROACHABLE_CONCURRENCY = YES;
				SWIFT_EMIT_LOC_STRINGS = NO;
				SWIFT_UPCOMING_FEATURE_MEMBER_IMPORT_VISIBILITY = YES;
				SWIFT_VERSION = 5.0;
				TARGETED_DEVICE_FAMILY = "1,2";
				TEST_TARGET_NAME = StepCounterWidget;
			};
			name = Release;
		};
		A3E0D8A02F014F7800CDDEAF /* Debug */ = {
			isa = XCBuildConfiguration;
			buildSettings = {
				ASSETCATALOG_COMPILER_GLOBAL_ACCENT_COLOR_NAME = AccentColor;
				ASSETCATALOG_COMPILER_WIDGET_BACKGROUND_COLOR_NAME = WidgetBackground;
				CODE_SIGN_STYLE = Automatic;
				CURRENT_PROJECT_VERSION = 1;
				DEVELOPMENT_TEAM = 686L4TXLDH;
				GENERATE_INFOPLIST_FILE = YES;
				INFOPLIST_FILE = WidgetCraftExtension/Info.plist;
				INFOPLIST_KEY_CFBundleDisplayName = WidgetCraftExtension;
				INFOPLIST_KEY_NSHumanReadableCopyright = "";
				LD_RUNPATH_SEARCH_PATHS = (
					"$(inherited)",
					"@executable_path/Frameworks",
					"@executable_path/../../Frameworks",
				);
				MARKETING_VERSION = 1.0;
				PRODUCT_BUNDLE_IDENTIFIER = com.sedat.yildiz.StepCounterWidget.WidgetCraftExtension;
				PRODUCT_NAME = "$(TARGET_NAME)";
				SKIP_INSTALL = YES;
				STRING_CATALOG_GENERATE_SYMBOLS = YES;
				SWIFT_APPROACHABLE_CONCURRENCY = YES;
				SWIFT_EMIT_LOC_STRINGS = YES;
				SWIFT_UPCOMING_FEATURE_MEMBER_IMPORT_VISIBILITY = YES;
				SWIFT_VERSION = 5.0;
				TARGETED_DEVICE_FAMILY = "1,2";
			};
			name = Debug;
		};
		A3E0D8A12F014F7800CDDEAF /* Release */ = {
			isa = XCBuildConfiguration;
			buildSettings = {
				ASSETCATALOG_COMPILER_GLOBAL_ACCENT_COLOR_NAME = AccentColor;
				ASSETCATALOG_COMPILER_WIDGET_BACKGROUND_COLOR_NAME = WidgetBackground;
				CODE_SIGN_STYLE = Automatic;
				CURRENT_PROJECT_VERSION = 1;
				DEVELOPMENT_TEAM = 686L4TXLDH;
				GENERATE_INFOPLIST_FILE = YES;
				INFOPLIST_FILE = WidgetCraftExtension/Info.plist;
				INFOPLIST_KEY_CFBundleDisplayName = WidgetCraftExtension;
				INFOPLIST_KEY_NSHumanReadableCopyright = "";
				LD_RUNPATH_SEARCH_PATHS = (
					"$(inherited)",
					"@executable_path/Frameworks",
					"@executable_path/../../Frameworks",
				);
				MARKETING_VERSION = 1.0;
				PRODUCT_BUNDLE_IDENTIFIER = com.sedat.yildiz.StepCounterWidget.WidgetCraftExtension;
				PRODUCT_NAME = "$(TARGET_NAME)";
				SKIP_INSTALL = YES;
				STRING_CATALOG_GENERATE_SYMBOLS = YES;
				SWIFT_APPROACHABLE_CONCURRENCY = YES;
				SWIFT_EMIT_LOC_STRINGS = YES;
				SWIFT_UPCOMING_FEATURE_MEMBER_IMPORT_VISIBILITY = YES;
				SWIFT_VERSION = 5.0;
				TARGETED_DEVICE_FAMILY = "1,2";
			};
			name = Release;
		};
/* End XCBuildConfiguration section */

/* Begin XCConfigurationList section */
		A3E0D8542F014F3E00CDDEAF /* Build configuration list for PBXProject "StepCounterWidget" */ = {
			isa = XCConfigurationList;
			buildConfigurations = (
				A3E0D8782F014F4000CDDEAF /* Debug */,
				A3E0D8792F014F4000CDDEAF /* Release */,
			);
			defaultConfigurationIsVisible = 0;
			defaultConfigurationName = Release;
		};
		A3E0D87A2F014F4000CDDEAF /* Build configuration list for PBXNativeTarget "StepCounterWidget" */ = {
			isa = XCConfigurationList;
			buildConfigurations = (
				A3E0D87B2F014F4000CDDEAF /* Debug */,
				A3E0D87C2F014F4000CDDEAF /* Release */,
			);
			defaultConfigurationIsVisible = 0;
			defaultConfigurationName = Release;
		};
		A3E0D87D2F014F4000CDDEAF /* Build configuration list for PBXNativeTarget "StepCounterWidgetTests" */ = {
			isa = XCConfigurationList;
			buildConfigurations = (
				A3E0D87E2F014F4000CDDEAF /* Debug */,
				A3E0D87F2F014F4000CDDEAF /* Release */,
			);
			defaultConfigurationIsVisible = 0;
			defaultConfigurationName = Release;
		};
		A3E0D8802F014F4000CDDEAF /* Build configuration list for PBXNativeTarget "StepCounterWidgetUITests" */ = {
			isa = XCConfigurationList;
			buildConfigurations = (
				A3E0D8812F014F4000CDDEAF /* Debug */,
				A3E0D8822F014F4000CDDEAF /* Release */,
			);
			defaultConfigurationIsVisible = 0;
			defaultConfigurationName = Release;
		};
		A3E0D89F2F014F7800CDDEAF /* Build configuration list for PBXNativeTarget "WidgetCraftExtensionExtension" */ = {
			isa = XCConfigurationList;
			buildConfigurations = (
				A3E0D8A02F014F7800CDDEAF /* Debug */,
				A3E0D8A12F014F7800CDDEAF /* Release */,
			);
			defaultConfigurationIsVisible = 0;
			defaultConfigurationName = Release;
		};
/* End XCConfigurationList section */
	};
	rootObject = A3E0D8512F014F3E00CDDEAF /* Project object */;
}
